// !$*UTF8*$!
{
	archiveVersion = 1;
	classes = {
	};
	objectVersion = 50;
	objects = {

/* Begin PBXBuildFile section */
		95A760A6229FD4A100F15BCD /* AppDelegate.swift in Sources */ = {isa = PBXBuildFile; fileRef = 95A760A5229FD4A100F15BCD /* AppDelegate.swift */; };
		95A760A8229FD4A100F15BCD /* ViewController.swift in Sources */ = {isa = PBXBuildFile; fileRef = 95A760A7229FD4A100F15BCD /* ViewController.swift */; };
		95A760AB229FD4A100F15BCD /* Main.storyboard in Resources */ = {isa = PBXBuildFile; fileRef = 95A760A9229FD4A100F15BCD /* Main.storyboard */; };
		95A760AD229FD4A400F15BCD /* Assets.xcassets in Resources */ = {isa = PBXBuildFile; fileRef = 95A760AC229FD4A400F15BCD /* Assets.xcassets */; };
		95A760B0229FD4A400F15BCD /* LaunchScreen.storyboard in Resources */ = {isa = PBXBuildFile; fileRef = 95A760AE229FD4A400F15BCD /* LaunchScreen.storyboard */; };
		CB62D20A0E146880D211C927 /* Pods_CitySearching.framework in Frameworks */ = {isa = PBXBuildFile; fileRef = 893170F18D20075F47BE6B7C /* Pods_CitySearching.framework */; };
/* End PBXBuildFile section */

/* Begin PBXFileReference section */
		26CD4C59CCB90A057201D3DB /* Pods-CitySearching.release.xcconfig */ = {isa = PBXFileReference; includeInIndex = 1; lastKnownFileType = text.xcconfig; name = "Pods-CitySearching.release.xcconfig"; path = "Target Support Files/Pods-CitySearching/Pods-CitySearching.release.xcconfig"; sourceTree = "<group>"; };
		6CCA49C7B5969A81E3DD99F6 /* Pods-CitySearching.debug.xcconfig */ = {isa = PBXFileReference; includeInIndex = 1; lastKnownFileType = text.xcconfig; name = "Pods-CitySearching.debug.xcconfig"; path = "Target Support Files/Pods-CitySearching/Pods-CitySearching.debug.xcconfig"; sourceTree = "<group>"; };
		893170F18D20075F47BE6B7C /* Pods_CitySearching.framework */ = {isa = PBXFileReference; explicitFileType = wrapper.framework; includeInIndex = 0; path = Pods_CitySearching.framework; sourceTree = BUILT_PRODUCTS_DIR; };
		95A760A2229FD4A100F15BCD /* CitySearching.app */ = {isa = PBXFileReference; explicitFileType = wrapper.application; includeInIndex = 0; path = CitySearching.app; sourceTree = BUILT_PRODUCTS_DIR; };
		95A760A5229FD4A100F15BCD /* AppDelegate.swift */ = {isa = PBXFileReference; lastKnownFileType = sourcecode.swift; path = AppDelegate.swift; sourceTree = "<group>"; };
		95A760A7229FD4A100F15BCD /* ViewController.swift */ = {isa = PBXFileReference; lastKnownFileType = sourcecode.swift; path = ViewController.swift; sourceTree = "<group>"; };
		95A760AA229FD4A100F15BCD /* Base */ = {isa = PBXFileReference; lastKnownFileType = file.storyboard; name = Base; path = Base.lproj/Main.storyboard; sourceTree = "<group>"; };
		95A760AC229FD4A400F15BCD /* Assets.xcassets */ = {isa = PBXFileReference; lastKnownFileType = folder.assetcatalog; path = Assets.xcassets; sourceTree = "<group>"; };
		95A760AF229FD4A400F15BCD /* Base */ = {isa = PBXFileReference; lastKnownFileType = file.storyboard; name = Base; path = Base.lproj/LaunchScreen.storyboard; sourceTree = "<group>"; };
		95A760B1229FD4A400F15BCD /* Info.plist */ = {isa = PBXFileReference; lastKnownFileType = text.plist.xml; path = Info.plist; sourceTree = "<group>"; };
/* End PBXFileReference section */

/* Begin PBXFrameworksBuildPhase section */
		95A7609F229FD4A100F15BCD /* Frameworks */ = {
			isa = PBXFrameworksBuildPhase;
			buildActionMask = 2147483647;
			files = (
				CB62D20A0E146880D211C927 /* Pods_CitySearching.framework in Frameworks */,
			);
			runOnlyForDeploymentPostprocessing = 0;
		};
/* End PBXFrameworksBuildPhase section */

/* Begin PBXGroup section */
		8331761AE76BF4602F7A7353 /* Pods */ = {
			isa = PBXGroup;
			children = (
				6CCA49C7B5969A81E3DD99F6 /* Pods-CitySearching.debug.xcconfig */,
				26CD4C59CCB90A057201D3DB /* Pods-CitySearching.release.xcconfig */,
			);
			name = Pods;
			path = Pods;
			sourceTree = "<group>";
		};
		95A76099229FD4A100F15BCD = {
			isa = PBXGroup;
			children = (
				95A760A4229FD4A100F15BCD /* CitySearching */,
				95A760A3229FD4A100F15BCD /* Products */,
				8331761AE76BF4602F7A7353 /* Pods */,
				FE041A9D5846CBD4CAAC6298 /* Frameworks */,
			);
			sourceTree = "<group>";
		};
		95A760A3229FD4A100F15BCD /* Products */ = {
			isa = PBXGroup;
			children = (
				95A760A2229FD4A100F15BCD /* CitySearching.app */,
			);
			name = Products;
			sourceTree = "<group>";
		};
		95A760A4229FD4A100F15BCD /* CitySearching */ = {
			isa = PBXGroup;
			children = (
				95A760A5229FD4A100F15BCD /* AppDelegate.swift */,
				95A760A7229FD4A100F15BCD /* ViewController.swift */,
				95A760A9229FD4A100F15BCD /* Main.storyboard */,
				95A760AC229FD4A400F15BCD /* Assets.xcassets */,
				95A760AE229FD4A400F15BCD /* LaunchScreen.storyboard */,
				95A760B1229FD4A400F15BCD /* Info.plist */,
			);
			path = CitySearching;
			sourceTree = "<group>";
		};
		FE041A9D5846CBD4CAAC6298 /* Frameworks */ = {
			isa = PBXGroup;
			children = (
				893170F18D20075F47BE6B7C /* Pods_CitySearching.framework */,
			);
			name = Frameworks;
			sourceTree = "<group>";
		};
/* End PBXGroup section */

/* Begin PBXNativeTarget section */
		95A760A1229FD4A100F15BCD /* CitySearching */ = {
			isa = PBXNativeTarget;
			buildConfigurationList = 95A760B4229FD4A400F15BCD /* Build configuration list for PBXNativeTarget "CitySearching" */;
			buildPhases = (
				7283AEEA149F4ED92AD34220 /* [CP] Check Pods Manifest.lock */,
				95A7609E229FD4A100F15BCD /* Sources */,
				95A7609F229FD4A100F15BCD /* Frameworks */,
				95A760A0229FD4A100F15BCD /* Resources */,
				7DB882EBABEFDE5CE15AFAB1 /* [CP] Embed Pods Frameworks */,
			);
			buildRules = (
			);
			dependencies = (
			);
			name = CitySearching;
			productName = CitySearching;
			productReference = 95A760A2229FD4A100F15BCD /* CitySearching.app */;
			productType = "com.apple.product-type.application";
		};
/* End PBXNativeTarget section */

/* Begin PBXProject section */
		95A7609A229FD4A100F15BCD /* Project object */ = {
			isa = PBXProject;
			attributes = {
				LastSwiftUpdateCheck = 1020;
				LastUpgradeCheck = 1020;
				ORGANIZATIONNAME = "Le Trung";
				TargetAttributes = {
					95A760A1229FD4A100F15BCD = {
						CreatedOnToolsVersion = 10.2;
					};
				};
			};
			buildConfigurationList = 95A7609D229FD4A100F15BCD /* Build configuration list for PBXProject "CitySearching" */;
			compatibilityVersion = "Xcode 9.3";
			developmentRegion = en;
			hasScannedForEncodings = 0;
			knownRegions = (
				en,
				Base,
			);
			mainGroup = 95A76099229FD4A100F15BCD;
			productRefGroup = 95A760A3229FD4A100F15BCD /* Products */;
			projectDirPath = "";
			projectRoot = "";
			targets = (
				95A760A1229FD4A100F15BCD /* CitySearching */,
			);
		};
/* End PBXProject section */

/* Begin PBXResourcesBuildPhase section */
		95A760A0229FD4A100F15BCD /* Resources */ = {
			isa = PBXResourcesBuildPhase;
			buildActionMask = 2147483647;
			files = (
				95A760B0229FD4A400F15BCD /* LaunchScreen.storyboard in Resources */,
				95A760AD229FD4A400F15BCD /* Assets.xcassets in Resources */,
				95A760AB229FD4A100F15BCD /* Main.storyboard in Resources */,
			);
			runOnlyForDeploymentPostprocessing = 0;
		};
/* End PBXResourcesBuildPhase section */

/* Begin PBXShellScriptBuildPhase section */
		7283AEEA149F4ED92AD34220 /* [CP] Check Pods Manifest.lock */ = {
			isa = PBXShellScriptBuildPhase;
			buildActionMask = 2147483647;
			files = (
			);
			inputFileListPaths = (
			);
			inputPaths = (
				"${PODS_PODFILE_DIR_PATH}/Podfile.lock",
				"${PODS_ROOT}/Manifest.lock",
			);
			name = "[CP] Check Pods Manifest.lock";
			outputFileListPaths = (
			);
			outputPaths = (
				"$(DERIVED_FILE_DIR)/Pods-CitySearching-checkManifestLockResult.txt",
			);
			runOnlyForDeploymentPostprocessing = 0;
			shellPath = /bin/sh;
			shellScript = "diff \"${PODS_PODFILE_DIR_PATH}/Podfile.lock\" \"${PODS_ROOT}/Manifest.lock\" > /dev/null\nif [ $? != 0 ] ; then\n    # print error to STDERR\n    echo \"error: The sandbox is not in sync with the Podfile.lock. Run 'pod install' or update your CocoaPods installation.\" >&2\n    exit 1\nfi\n# This output is used by Xcode 'outputs' to avoid re-running this script phase.\necho \"SUCCESS\" > \"${SCRIPT_OUTPUT_FILE_0}\"\n";
			showEnvVarsInLog = 0;
		};
		7DB882EBABEFDE5CE15AFAB1 /* [CP] Embed Pods Frameworks */ = {
			isa = PBXShellScriptBuildPhase;
			buildActionMask = 2147483647;
			files = (
			);
			inputFileListPaths = (
			);
			inputPaths = (
				"${PODS_ROOT}/Target Support Files/Pods-CitySearching/Pods-CitySearching-frameworks.sh",
				"${BUILT_PRODUCTS_DIR}/RxCocoa/RxCocoa.framework",
				"${BUILT_PRODUCTS_DIR}/RxRelay/RxRelay.framework",
				"${BUILT_PRODUCTS_DIR}/RxSwift/RxSwift.framework",
			);
			name = "[CP] Embed Pods Frameworks";
			outputFileListPaths = (
			);
			outputPaths = (
				"${TARGET_BUILD_DIR}/${FRAMEWORKS_FOLDER_PATH}/RxCocoa.framework",
				"${TARGET_BUILD_DIR}/${FRAMEWORKS_FOLDER_PATH}/RxRelay.framework",
				"${TARGET_BUILD_DIR}/${FRAMEWORKS_FOLDER_PATH}/RxSwift.framework",
			);
			runOnlyForDeploymentPostprocessing = 0;
			shellPath = /bin/sh;
			shellScript = "\"${PODS_ROOT}/Target Support Files/Pods-CitySearching/Pods-CitySearching-frameworks.sh\"\n";
			showEnvVarsInLog = 0;
		};
/* End PBXShellScriptBuildPhase section */

/* Begin PBXSourcesBuildPhase section */
		95A7609E229FD4A100F15BCD /* Sources */ = {
			isa = PBXSourcesBuildPhase;
			buildActionMask = 2147483647;
			files = (
				95A760A8229FD4A100F15BCD /* ViewController.swift in Sources */,
				95A760A6229FD4A100F15BCD /* AppDelegate.swift in Sources */,
			);
			runOnlyForDeploymentPostprocessing = 0;
		};
/* End PBXSourcesBuildPhase section */

/* Begin PBXVariantGroup section */
		95A760A9229FD4A100F15BCD /* Main.storyboard */ = {
			isa = PBXVariantGroup;
			children = (
				95A760AA229FD4A100F15BCD /* Base */,
			);
			name = Main.storyboard;
			sourceTree = "<group>";
		};
		95A760AE229FD4A400F15BCD /* LaunchScreen.storyboard */ = {
			isa = PBXVariantGroup;
			children = (
				95A760AF229FD4A400F15BCD /* Base */,
			);
			name = LaunchScreen.storyboard;
			sourceTree = "<group>";
		};
/* End PBXVariantGroup section */

/* Begin XCBuildConfiguration section */
		95A760B2229FD4A400F15BCD /* Debug */ = {
			isa = XCBuildConfiguration;
			buildSettings = {
				ALWAYS_SEARCH_USER_PATHS = NO;
				CLANG_ANALYZER_NONNULL = YES;
				CLANG_ANALYZER_NUMBER_OBJECT_CONVERSION = YES_AGGRESSIVE;
				CLANG_CXX_LANGUAGE_STANDARD = "gnu++14";
				CLANG_CXX_LIBRARY = "libc++";
				CLANG_ENABLE_MODULES = YES;
				CLANG_ENABLE_OBJC_ARC = YES;
				CLANG_ENABLE_OBJC_WEAK = YES;
				CLANG_WARN_BLOCK_CAPTURE_AUTORELEASING = YES;
				CLANG_WARN_BOOL_CONVERSION = YES;
				CLANG_WARN_COMMA = YES;
				CLANG_WARN_CONSTANT_CONVERSION = YES;
				CLANG_WARN_DEPRECATED_OBJC_IMPLEMENTATIONS = YES;
				CLANG_WARN_DIRECT_OBJC_ISA_USAGE = YES_ERROR;
				CLANG_WARN_DOCUMENTATION_COMMENTS = YES;
				CLANG_WARN_EMPTY_BODY = YES;
				CLANG_WARN_ENUM_CONVERSION = YES;
				CLANG_WARN_INFINITE_RECURSION = YES;
				CLANG_WARN_INT_CONVERSION = YES;
				CLANG_WARN_NON_LITERAL_NULL_CONVERSION = YES;
				CLANG_WARN_OBJC_IMPLICIT_RETAIN_SELF = YES;
				CLANG_WARN_OBJC_LITERAL_CONVERSION = YES;
				CLANG_WARN_OBJC_ROOT_CLASS = YES_ERROR;
				CLANG_WARN_RANGE_LOOP_ANALYSIS = YES;
				CLANG_WARN_STRICT_PROTOTYPES = YES;
				CLANG_WARN_SUSPICIOUS_MOVE = YES;
				CLANG_WARN_UNGUARDED_AVAILABILITY = YES_AGGRESSIVE;
				CLANG_WARN_UNREACHABLE_CODE = YES;
				CLANG_WARN__DUPLICATE_METHOD_MATCH = YES;
				CODE_SIGN_IDENTITY = "iPhone Developer";
				COPY_PHASE_STRIP = NO;
				DEBUG_INFORMATION_FORMAT = dwarf;
				ENABLE_STRICT_OBJC_MSGSEND = YES;
				ENABLE_TESTABILITY = YES;
				GCC_C_LANGUAGE_STANDARD = gnu11;
				GCC_DYNAMIC_NO_PIC = NO;
				GCC_NO_COMMON_BLOCKS = YES;
				GCC_OPTIMIZATION_LEVEL = 0;
				GCC_PREPROCESSOR_DEFINITIONS = (
					"DEBUG=1",
					"$(inherited)",
				);
				GCC_WARN_64_TO_32_BIT_CONVERSION = YES;
				GCC_WARN_ABOUT_RETURN_TYPE = YES_ERROR;
				GCC_WARN_UNDECLARED_SELECTOR = YES;
				GCC_WARN_UNINITIALIZED_AUTOS = YES_AGGRESSIVE;
				GCC_WARN_UNUSED_FUNCTION = YES;
				GCC_WARN_UNUSED_VARIABLE = YES;
				IPHONEOS_DEPLOYMENT_TARGET = 12.2;
				MTL_ENABLE_DEBUG_INFO = INCLUDE_SOURCE;
				MTL_FAST_MATH = YES;
				ONLY_ACTIVE_ARCH = YES;
				SDKROOT = iphoneos;
				SWIFT_ACTIVE_COMPILATION_CONDITIONS = DEBUG;
				SWIFT_OPTIMIZATION_LEVEL = "-Onone";
			};
			name = Debug;
		};
		95A760B3229FD4A400F15BCD /* Release */ = {
			isa = XCBuildConfiguration;
			buildSettings = {
				ALWAYS_SEARCH_USER_PATHS = NO;
				CLANG_ANALYZER_NONNULL = YES;
				CLANG_ANALYZER_NUMBER_OBJECT_CONVERSION = YES_AGGRESSIVE;
				CLANG_CXX_LANGUAGE_STANDARD = "gnu++14";
				CLANG_CXX_LIBRARY = "libc++";
				CLANG_ENABLE_MODULES = YES;
				CLANG_ENABLE_OBJC_ARC = YES;
				CLANG_ENABLE_OBJC_WEAK = YES;
				CLANG_WARN_BLOCK_CAPTURE_AUTORELEASING = YES;
				CLANG_WARN_BOOL_CONVERSION = YES;
				CLANG_WARN_COMMA = YES;
				CLANG_WARN_CONSTANT_CONVERSION = YES;
				CLANG_WARN_DEPRECATED_OBJC_IMPLEMENTATIONS = YES;
				CLANG_WARN_DIRECT_OBJC_ISA_USAGE = YES_ERROR;
				CLANG_WARN_DOCUMENTATION_COMMENTS = YES;
				CLANG_WARN_EMPTY_BODY = YES;
				CLANG_WARN_ENUM_CONVERSION = YES;
				CLANG_WARN_INFINITE_RECURSION = YES;
				CLANG_WARN_INT_CONVERSION = YES;
				CLANG_WARN_NON_LITERAL_NULL_CONVERSION = YES;
				CLANG_WARN_OBJC_IMPLICIT_RETAIN_SELF = YES;
				CLANG_WARN_OBJC_LITERAL_CONVERSION = YES;
				CLANG_WARN_OBJC_ROOT_CLASS = YES_ERROR;
				CLANG_WARN_RANGE_LOOP_ANALYSIS = YES;
				CLANG_WARN_STRICT_PROTOTYPES = YES;
				CLANG_WARN_SUSPICIOUS_MOVE = YES;
				CLANG_WARN_UNGUARDED_AVAILABILITY = YES_AGGRESSIVE;
				CLANG_WARN_UNREACHABLE_CODE = YES;
				CLANG_WARN__DUPLICATE_METHOD_MATCH = YES;
				CODE_SIGN_IDENTITY = "iPhone Developer";
				COPY_PHASE_STRIP = NO;
				DEBUG_INFORMATION_FORMAT = "dwarf-with-dsym";
				ENABLE_NS_ASSERTIONS = NO;
				ENABLE_STRICT_OBJC_MSGSEND = YES;
				GCC_C_LANGUAGE_STANDARD = gnu11;
				GCC_NO_COMMON_BLOCKS = YES;
				GCC_WARN_64_TO_32_BIT_CONVERSION = YES;
				GCC_WARN_ABOUT_RETURN_TYPE = YES_ERROR;
				GCC_WARN_UNDECLARED_SELECTOR = YES;
				GCC_WARN_UNINITIALIZED_AUTOS = YES_AGGRESSIVE;
				GCC_WARN_UNUSED_FUNCTION = YES;
				GCC_WARN_UNUSED_VARIABLE = YES;
				IPHONEOS_DEPLOYMENT_TARGET = 12.2;
				MTL_ENABLE_DEBUG_INFO = NO;
				MTL_FAST_MATH = YES;
				SDKROOT = iphoneos;
				SWIFT_COMPILATION_MODE = wholemodule;
				SWIFT_OPTIMIZATION_LEVEL = "-O";
				VALIDATE_PRODUCT = YES;
			};
			name = Release;
		};
		95A760B5229FD4A400F15BCD /* Debug */ = {
			isa = XCBuildConfiguration;
			baseConfigurationReference = 6CCA49C7B5969A81E3DD99F6 /* Pods-CitySearching.debug.xcconfig */;
			buildSettings = {
				ASSETCATALOG_COMPILER_APPICON_NAME = AppIcon;
				CODE_SIGN_STYLE = Automatic;
				INFOPLIST_FILE = CitySearching/Info.plist;
				LD_RUNPATH_SEARCH_PATHS = (
					"$(inherited)",
					"@executable_path/Frameworks",
				);
				PRODUCT_BUNDLE_IDENTIFIER = com.Trungle95.CitySearching;
				PRODUCT_NAME = "$(TARGET_NAME)";
				SWIFT_VERSION = 5.0;
				TARGETED_DEVICE_FAMILY = "1,2";
			};
			name = Debug;
		};
		95A760B6229FD4A400F15BCD /* Release */ = {
			isa = XCBuildConfiguration;
			baseConfigurationReference = 26CD4C59CCB90A057201D3DB /* Pods-CitySearching.release.xcconfig */;
			buildSettings = {
				ASSETCATALOG_COMPILER_APPICON_NAME = AppIcon;
				CODE_SIGN_STYLE = Automatic;
				INFOPLIST_FILE = CitySearching/Info.plist;
				LD_RUNPATH_SEARCH_PATHS = (
					"$(inherited)",
					"@executable_path/Frameworks",
				);
				PRODUCT_BUNDLE_IDENTIFIER = com.Trungle95.CitySearching;
				PRODUCT_NAME = "$(TARGET_NAME)";
				SWIFT_VERSION = 5.0;
				TARGETED_DEVICE_FAMILY = "1,2";
			};
			name = Release;
		};
/* End XCBuildConfiguration section */

/* Begin XCConfigurationList section */
		95A7609D229FD4A100F15BCD /* Build configuration list for PBXProject "CitySearching" */ = {
			isa = XCConfigurationList;
			buildConfigurations = (
				95A760B2229FD4A400F15BCD /* Debug */,
				95A760B3229FD4A400F15BCD /* Release */,
			);
			defaultConfigurationIsVisible = 0;
			defaultConfigurationName = Release;
		};
		95A760B4229FD4A400F15BCD /* Build configuration list for PBXNativeTarget "CitySearching" */ = {
			isa = XCConfigurationList;
			buildConfigurations = (
				95A760B5229FD4A400F15BCD /* Debug */,
				95A760B6229FD4A400F15BCD /* Release */,
			);
			defaultConfigurationIsVisible = 0;
			defaultConfigurationName = Release;
		};
/* End XCConfigurationList section */
	};
	rootObject = 95A7609A229FD4A100F15BCD /* Project object */;
}
